
Microsoft Visual Studio Solution File, Format Version 12.00
# Visual Studio Version 17
VisualStudioVersion = 17.9.34607.119
MinimumVisualStudioVersion = 10.0.40219.1
Project("{FAE04EC0-301F-11D3-BF4B-00C04F79EFBC}") = "Assignment_2", "Assignment_2\Assignment_2.csproj", "{ECA0FBD3-BB7B-4267-B6C5-490FD89D7277}"
EndProject
Global
	GlobalSection(SolutionConfigurationPlatforms) = preSolution
		Debug|Any CPU = Debug|Any CPU
		Release|Any CPU = Release|Any CPU
	EndGlobalSection
	GlobalSection(ProjectConfigurationPlatforms) = postSolution
		{ECA0FBD3-BB7B-4267-B6C5-490FD89D7277}.Debug|Any CPU.ActiveCfg = Debug|Any CPU
		{ECA0FBD3-BB7B-4267-B6C5-490FD89D7277}.Debug|Any CPU.Build.0 = Debug|Any CPU
		{ECA0FBD3-BB7B-4267-B6C5-490FD89D7277}.Release|Any CPU.ActiveCfg = Release|Any CPU
		{ECA0FBD3-BB7B-4267-B6C5-490FD89D7277}.Release|Any CPU.Build.0 = Release|Any CPU
	EndGlobalSection
	GlobalSection(SolutionProperties) = preSolution
		HideSolutionNode = FALSE
	EndGlobalSection
	GlobalSection(ExtensibilityGlobals) = postSolution
		SolutionGuid = {DE53DDA9-67F4-4CDD-8DC3-064572C8C077}
	EndGlobalSection
EndGlobal
